
Microsoft Visual Studio Solution File, Format Version 12.00
# Visual Studio Version 17
VisualStudioVersion = 17.7.34202.233
MinimumVisualStudioVersion = 10.0.40219.1
Project("{FAE04EC0-301F-11D3-BF4B-00C04F79EFBC}") = "practica 3", "practica 3.csproj", "{C12D26A7-551F-4489-A6E9-495137180EEB}"
EndProject
Global
	GlobalSection(SolutionConfigurationPlatforms) = preSolution
		Debug|Any CPU = Debug|Any CPU
		Release|Any CPU = Release|Any CPU
	EndGlobalSection
	GlobalSection(ProjectConfigurationPlatforms) = postSolution
		{C12D26A7-551F-4489-A6E9-495137180EEB}.Debug|Any CPU.ActiveCfg = Debug|Any CPU
		{C12D26A7-551F-4489-A6E9-495137180EEB}.Debug|Any CPU.Build.0 = Debug|Any CPU
		{C12D26A7-551F-4489-A6E9-495137180EEB}.Release|Any CPU.ActiveCfg = Release|Any CPU
		{C12D26A7-551F-4489-A6E9-495137180EEB}.Release|Any CPU.Build.0 = Release|Any CPU
	EndGlobalSection
	GlobalSection(SolutionProperties) = preSolution
		HideSolutionNode = FALSE
	EndGlobalSection
	GlobalSection(ExtensibilityGlobals) = postSolution
		SolutionGuid = {CD037A71-FA03-4F14-96EA-658D5C796CEB}
	EndGlobalSection
EndGlobal
